
Microsoft Visual Studio Solution File, Format Version 12.00
# Visual Studio 15
VisualStudioVersion = 15.0.28307.1145
MinimumVisualStudioVersion = 10.0.40219.1
Project("{FAE04EC0-301F-11D3-BF4B-00C04F79EFBC}") = "AudioServices", "AudioServices.csproj", "{3141F1BC-5E0F-25C2-5688-33A5F7E63CAF}"
EndProject
Global
	GlobalSection(SolutionConfigurationPlatforms) = preSolution
		Debug|Any CPU = Debug|Any CPU
		Release|Any CPU = Release|Any CPU
	EndGlobalSection
	GlobalSection(ProjectConfigurationPlatforms) = postSolution
		{3141F1BC-5E0F-25C2-5688-33A5F7E63CAF}.Debug|Any CPU.ActiveCfg = Debug|Any CPU
		{3141F1BC-5E0F-25C2-5688-33A5F7E63CAF}.Debug|Any CPU.Build.0 = Debug|Any CPU
		{3141F1BC-5E0F-25C2-5688-33A5F7E63CAF}.Release|Any CPU.ActiveCfg = Release|Any CPU
		{3141F1BC-5E0F-25C2-5688-33A5F7E63CAF}.Release|Any CPU.Build.0 = Release|Any CPU
	EndGlobalSection
	GlobalSection(SolutionProperties) = preSolution
		HideSolutionNode = FALSE
	EndGlobalSection
	GlobalSection(ExtensibilityGlobals) = postSolution
		SolutionGuid = {12C0CB32-A774-4D59-A5B7-0BB0CBB3EB82}
	EndGlobalSection
EndGlobal
